// !$*UTF8*$!
{
	archiveVersion = 1;
	classes = {
	};
	objectVersion = 50;
	objects = {

/* Begin PBXBuildFile section */
		D026BA5C2B47907F00AA5DAB /* SMProject.h in Headers */ = {isa = PBXBuildFile; fileRef = D026B9F42B47907E00AA5DAB /* SMProject.h */; };
		D026BA5D2B47907F00AA5DAB /* SMUtils.cpp in Sources */ = {isa = PBXBuildFile; fileRef = D026B9F52B47907E00AA5DAB /* SMUtils.cpp */; };
		D026BA5E2B47907F00AA5DAB /* SMIFftSynth.h in Headers */ = {isa = PBXBuildFile; fileRef = D026B9F62B47907E00AA5DAB /* SMIFftSynth.h */; };
		D026BA5F2B47907F00AA5DAB /* SMStdioSubIn.h in Headers */ = {isa = PBXBuildFile; fileRef = D026B9F72B47907E00AA5DAB /* SMStdioSubIn.h */; };
		D026BA602B47907F00AA5DAB /* SMGenericOut.cpp in Sources */ = {isa = PBXBuildFile; fileRef = D026B9F82B47907E00AA5DAB /* SMGenericOut.cpp */; };
		D026BA612B47907F00AA5DAB /* SMAudio.h in Headers */ = {isa = PBXBuildFile; fileRef = D026B9F92B47907E00AA5DAB /* SMAudio.h */; };
		D026BA622B47907F00AA5DAB /* SMGenericIn.cpp in Sources */ = {isa = PBXBuildFile; fileRef = D026B9FA2B47907E00AA5DAB /* SMGenericIn.cpp */; };
		D026BA632B47907F00AA5DAB /* SMWavData.cpp in Sources */ = {isa = PBXBuildFile; fileRef = D026B9FB2B47907E00AA5DAB /* SMWavData.cpp */; };
		D026BA642B47907F00AA5DAB /* SMMorphPlan.cpp in Sources */ = {isa = PBXBuildFile; fileRef = D026B9FC2B47907E00AA5DAB /* SMMorphPlan.cpp */; };
		D026BA652B47907F00AA5DAB /* SMGenericIn.h in Headers */ = {isa = PBXBuildFile; fileRef = D026B9FD2B47907E00AA5DAB /* SMGenericIn.h */; };
		D026BA662B47907F00AA5DAB /* SMMidiSynth.h in Headers */ = {isa = PBXBuildFile; fileRef = D026B9FE2B47907E00AA5DAB /* SMMidiSynth.h */; };
		D026BA672B47907F00AA5DAB /* SMNoiseBandPartition.h in Headers */ = {isa = PBXBuildFile; fileRef = D026B9FF2B47907E00AA5DAB /* SMNoiseBandPartition.h */; };
		D026BA682B47907F00AA5DAB /* SMEncoder.cpp in Sources */ = {isa = PBXBuildFile; fileRef = D026BA002B47907E00AA5DAB /* SMEncoder.cpp */; };
		D026BA692B47907F00AA5DAB /* SMMorphOperator.cpp in Sources */ = {isa = PBXBuildFile; fileRef = D026BA012B47907E00AA5DAB /* SMMorphOperator.cpp */; };
		D026BA6A2B47907F00AA5DAB /* SMAudioTool.h in Headers */ = {isa = PBXBuildFile; fileRef = D026BA022B47907E00AA5DAB /* SMAudioTool.h */; };
		D026BA6B2B47907F00AA5DAB /* SMWavSetRepo.cpp in Sources */ = {isa = PBXBuildFile; fileRef = D026BA032B47907E00AA5DAB /* SMWavSetRepo.cpp */; };
		D026BA6C2B47907F00AA5DAB /* SMMidiSynth.cpp in Sources */ = {isa = PBXBuildFile; fileRef = D026BA042B47907E00AA5DAB /* SMMidiSynth.cpp */; };
		D026BA6D2B47907F00AA5DAB /* SMAudio.cpp in Sources */ = {isa = PBXBuildFile; fileRef = D026BA052B47907E00AA5DAB /* SMAudio.cpp */; };
		D026BA6E2B47907F00AA5DAB /* SMMorphOperator.h in Headers */ = {isa = PBXBuildFile; fileRef = D026BA062B47907E00AA5DAB /* SMMorphOperator.h */; };
		D026BA6F2B47907F00AA5DAB /* SMAlignedArray.cpp in Sources */ = {isa = PBXBuildFile; fileRef = D026BA072B47907E00AA5DAB /* SMAlignedArray.cpp */; };
		D026BA702B47907F00AA5DAB /* SMProperty.cpp in Sources */ = {isa = PBXBuildFile; fileRef = D026BA082B47907E00AA5DAB /* SMProperty.cpp */; };
		D026BA712B47907F00AA5DAB /* SMMorphOutput.cpp in Sources */ = {isa = PBXBuildFile; fileRef = D026BA092B47907E00AA5DAB /* SMMorphOutput.cpp */; };
		D026BA722B47907F00AA5DAB /* SMMemOut.h in Headers */ = {isa = PBXBuildFile; fileRef = D026BA0A2B47907E00AA5DAB /* SMMemOut.h */; };
		D026BA732B47907F00AA5DAB /* SMMath.cpp in Sources */ = {isa = PBXBuildFile; fileRef = D026BA0B2B47907E00AA5DAB /* SMMath.cpp */; };
		D026BA742B47907F00AA5DAB /* SMMorphSource.h in Headers */ = {isa = PBXBuildFile; fileRef = D026BA0C2B47907E00AA5DAB /* SMMorphSource.h */; };
		D026BA752B47907F00AA5DAB /* SMMorphUtils.h in Headers */ = {isa = PBXBuildFile; fileRef = D026BA0D2B47907E00AA5DAB /* SMMorphUtils.h */; };
		D026BA762B47907F00AA5DAB /* SMStdioSubIn.cpp in Sources */ = {isa = PBXBuildFile; fileRef = D026BA0E2B47907E00AA5DAB /* SMStdioSubIn.cpp */; };
		D026BA772B47907F00AA5DAB /* SMTimeInfo.cpp in Sources */ = {isa = PBXBuildFile; fileRef = D026BA0F2B47907E00AA5DAB /* SMTimeInfo.cpp */; };
		D026BA782B47907F00AA5DAB /* SMMorphGridModule.cpp in Sources */ = {isa = PBXBuildFile; fileRef = D026BA102B47907E00AA5DAB /* SMMorphGridModule.cpp */; };
		D026BA792B47907F00AA5DAB /* SMNoiseBandPartition.cpp in Sources */ = {isa = PBXBuildFile; fileRef = D026BA112B47907E00AA5DAB /* SMNoiseBandPartition.cpp */; };
		D026BA7A2B47907F00AA5DAB /* SMMorphOperatorModule.h in Headers */ = {isa = PBXBuildFile; fileRef = D026BA122B47907E00AA5DAB /* SMMorphOperatorModule.h */; };
		D026BA7B2B47907F00AA5DAB /* SMMMapIn.h in Headers */ = {isa = PBXBuildFile; fileRef = D026BA132B47907E00AA5DAB /* SMMMapIn.h */; };
		D026BA7C2B47907F00AA5DAB /* SMWavSet.h in Headers */ = {isa = PBXBuildFile; fileRef = D026BA142B47907E00AA5DAB /* SMWavSet.h */; };
		D026BA7D2B47907F00AA5DAB /* SMPolyPhaseCoeffs.cpp in Sources */ = {isa = PBXBuildFile; fileRef = D026BA152B47907E00AA5DAB /* SMPolyPhaseCoeffs.cpp */; };
		D026BA7E2B47907F00AA5DAB /* SMAlignedArray.h in Headers */ = {isa = PBXBuildFile; fileRef = D026BA162B47907E00AA5DAB /* SMAlignedArray.h */; };
		D026BA7F2B47907F00AA5DAB /* SMMorphSourceModule.cpp in Sources */ = {isa = PBXBuildFile; fileRef = D026BA172B47907E00AA5DAB /* SMMorphSourceModule.cpp */; };
		D026BA802B47907F00AA5DAB /* SMOutFile.h in Headers */ = {isa = PBXBuildFile; fileRef = D026BA182B47907E00AA5DAB /* SMOutFile.h */; };
		D026BA812B47907F00AA5DAB /* SMPolyPhaseInter.cpp in Sources */ = {isa = PBXBuildFile; fileRef = D026BA192B47907E00AA5DAB /* SMPolyPhaseInter.cpp */; };
		D026BA822B47907F00AA5DAB /* SMProperty.h in Headers */ = {isa = PBXBuildFile; fileRef = D026BA1A2B47907E00AA5DAB /* SMProperty.h */; };
		D026BA832B47907F00AA5DAB /* SMBlockUtils.cpp in Sources */ = {isa = PBXBuildFile; fileRef = D026BA1B2B47907E00AA5DAB /* SMBlockUtils.cpp */; };
		D026BA842B47907F00AA5DAB /* SMWavSetRepo.h in Headers */ = {isa = PBXBuildFile; fileRef = D026BA1C2B47907E00AA5DAB /* SMWavSetRepo.h */; };
		D026BA852B47907F00AA5DAB /* SMEffectDecoder.cpp in Sources */ = {isa = PBXBuildFile; fileRef = D026BA1D2B47907F00AA5DAB /* SMEffectDecoder.cpp */; };
		D026BA862B47907F00AA5DAB /* SMMath.h in Headers */ = {isa = PBXBuildFile; fileRef = D026BA1E2B47907F00AA5DAB /* SMMath.h */; };
		D026BA872B47907F00AA5DAB /* SMUtils.h in Headers */ = {isa = PBXBuildFile; fileRef = D026BA1F2B47907F00AA5DAB /* SMUtils.h */; };
		D026BA882B47907F00AA5DAB /* SMEffectDecoder.h in Headers */ = {isa = PBXBuildFile; fileRef = D026BA202B47907F00AA5DAB /* SMEffectDecoder.h */; };
		D026BA892B47907F00AA5DAB /* SMMorphOutputModule.h in Headers */ = {isa = PBXBuildFile; fileRef = D026BA212B47907F00AA5DAB /* SMMorphOutputModule.h */; };
		D026BA8A2B47907F00AA5DAB /* SMMathArm.h in Headers */ = {isa = PBXBuildFile; fileRef = D026BA222B47907F00AA5DAB /* SMMathArm.h */; };
		D026BA8B2B47907F00AA5DAB /* SMMorphPlan.h in Headers */ = {isa = PBXBuildFile; fileRef = D026BA232B47907F00AA5DAB /* SMMorphPlan.h */; };
		D026BA8C2B47908000AA5DAB /* SMSineDecoder.h in Headers */ = {isa = PBXBuildFile; fileRef = D026BA242B47907F00AA5DAB /* SMSineDecoder.h */; };
		D026BA8D2B47908000AA5DAB /* SMLiveDecoderSource.h in Headers */ = {isa = PBXBuildFile; fileRef = D026BA252B47907F00AA5DAB /* SMLiveDecoderSource.h */; };
		D026BA8E2B47908000AA5DAB /* SMMorphOperatorModule.cpp in Sources */ = {isa = PBXBuildFile; fileRef = D026BA262B47907F00AA5DAB /* SMMorphOperatorModule.cpp */; };
		D026BA8F2B47908000AA5DAB /* SMPolyPhaseInter.h in Headers */ = {isa = PBXBuildFile; fileRef = D026BA272B47907F00AA5DAB /* SMPolyPhaseInter.h */; };
		D026BA902B47908000AA5DAB /* glib.h in Headers */ = {isa = PBXBuildFile; fileRef = D026BA282B47907F00AA5DAB /* glib.h */; };
		D026BA912B47908000AA5DAB /* SMStdioIn.h in Headers */ = {isa = PBXBuildFile; fileRef = D026BA292B47907F00AA5DAB /* SMStdioIn.h */; };
		D026BA922B47908000AA5DAB /* SMEncoder.h in Headers */ = {isa = PBXBuildFile; fileRef = D026BA2A2B47907F00AA5DAB /* SMEncoder.h */; };
		D026BA932B47908000AA5DAB /* SMMorphGridModule.h in Headers */ = {isa = PBXBuildFile; fileRef = D026BA2B2B47907F00AA5DAB /* SMMorphGridModule.h */; };
		D026BA942B47908000AA5DAB /* SMRTMemory.cpp in Sources */ = {isa = PBXBuildFile; fileRef = D026BA2C2B47907F00AA5DAB /* SMRTMemory.cpp */; };
		D026BA952B47908000AA5DAB /* SMSineDecoder.cpp in Sources */ = {isa = PBXBuildFile; fileRef = D026BA2D2B47907F00AA5DAB /* SMSineDecoder.cpp */; };
		D026BA962B47908000AA5DAB /* SMMorphOutputModule.cpp in Sources */ = {isa = PBXBuildFile; fileRef = D026BA2E2B47907F00AA5DAB /* SMMorphOutputModule.cpp */; };
		D026BA972B47908000AA5DAB /* MorphKit.cpp in Sources */ = {isa = PBXBuildFile; fileRef = D026BA2F2B47907F00AA5DAB /* MorphKit.cpp */; };
		D026BA982B47908000AA5DAB /* SMStdioIn.cpp in Sources */ = {isa = PBXBuildFile; fileRef = D026BA302B47907F00AA5DAB /* SMStdioIn.cpp */; };
		D026BA992B47908000AA5DAB /* SMOutFile.cpp in Sources */ = {isa = PBXBuildFile; fileRef = D026BA312B47907F00AA5DAB /* SMOutFile.cpp */; };
		D026BA9A2B47908000AA5DAB /* SMPcg32rng.h in Headers */ = {isa = PBXBuildFile; fileRef = D026BA322B47907F00AA5DAB /* SMPcg32rng.h */; };
		D026BA9B2B47908000AA5DAB /* SMMorphOutput.h in Headers */ = {isa = PBXBuildFile; fileRef = D026BA332B47907F00AA5DAB /* SMMorphOutput.h */; };
		D026BA9C2B47908000AA5DAB /* SMInFile.h in Headers */ = {isa = PBXBuildFile; fileRef = D026BA342B47907F00AA5DAB /* SMInFile.h */; };
		D026BA9D2B47908000AA5DAB /* SMBlockUtils.h in Headers */ = {isa = PBXBuildFile; fileRef = D026BA352B47907F00AA5DAB /* SMBlockUtils.h */; };
		D026BA9E2B47908000AA5DAB /* SMRandom.cpp in Sources */ = {isa = PBXBuildFile; fileRef = D026BA362B47907F00AA5DAB /* SMRandom.cpp */; };
		D026BA9F2B47908000AA5DAB /* SMFft.cpp in Sources */ = {isa = PBXBuildFile; fileRef = D026BA372B47907F00AA5DAB /* SMFft.cpp */; };
		D026BAA02B47908000AA5DAB /* SMLeakDebugger.cpp in Sources */ = {isa = PBXBuildFile; fileRef = D026BA382B47907F00AA5DAB /* SMLeakDebugger.cpp */; };
		D026BAA12B47908000AA5DAB /* SMModulationList.h in Headers */ = {isa = PBXBuildFile; fileRef = D026BA392B47907F00AA5DAB /* SMModulationList.h */; };
		D026BAA22B47908000AA5DAB /* SMMorphUtils.cpp in Sources */ = {isa = PBXBuildFile; fileRef = D026BA3A2B47907F00AA5DAB /* SMMorphUtils.cpp */; };
		D026BAA32B47908000AA5DAB /* pffft.h in Headers */ = {isa = PBXBuildFile; fileRef = D026BA3B2B47907F00AA5DAB /* pffft.h */; };
		D026BAA42B47908000AA5DAB /* SMWavSet.cpp in Sources */ = {isa = PBXBuildFile; fileRef = D026BA3C2B47907F00AA5DAB /* SMWavSet.cpp */; };
		D026BAA52B47908000AA5DAB /* SMMorphSourceModule.h in Headers */ = {isa = PBXBuildFile; fileRef = D026BA3D2B47907F00AA5DAB /* SMMorphSourceModule.h */; };
		D026BAA62B47908000AA5DAB /* SMMorphSource.cpp in Sources */ = {isa = PBXBuildFile; fileRef = D026BA3E2B47907F00AA5DAB /* SMMorphSource.cpp */; };
		D026BAA72B47908000AA5DAB /* SMMorphPlanSynth.cpp in Sources */ = {isa = PBXBuildFile; fileRef = D026BA3F2B47907F00AA5DAB /* SMMorphPlanSynth.cpp */; };
		D026BAA82B47908000AA5DAB /* SMMorphGrid.cpp in Sources */ = {isa = PBXBuildFile; fileRef = D026BA402B47907F00AA5DAB /* SMMorphGrid.cpp */; };
		D026BAA92B47908000AA5DAB /* SMLiveDecoderSource.cpp in Sources */ = {isa = PBXBuildFile; fileRef = D026BA412B47907F00AA5DAB /* SMLiveDecoderSource.cpp */; };
		D026BAAA2B47908000AA5DAB /* SMMorphPlanVoice.cpp in Sources */ = {isa = PBXBuildFile; fileRef = D026BA422B47907F00AA5DAB /* SMMorphPlanVoice.cpp */; };
		D026BAAB2B47908000AA5DAB /* SMInFile.cpp in Sources */ = {isa = PBXBuildFile; fileRef = D026BA432B47907F00AA5DAB /* SMInFile.cpp */; };
		D026BAAC2B47908000AA5DAB /* SMProject.cpp in Sources */ = {isa = PBXBuildFile; fileRef = D026BA442B47907F00AA5DAB /* SMProject.cpp */; };
		D026BAAD2B47908000AA5DAB /* SMMorphPlanVoice.h in Headers */ = {isa = PBXBuildFile; fileRef = D026BA452B47907F00AA5DAB /* SMMorphPlanVoice.h */; };
		D026BAAE2B47908000AA5DAB /* SMStdioOut.cpp in Sources */ = {isa = PBXBuildFile; fileRef = D026BA462B47907F00AA5DAB /* SMStdioOut.cpp */; };
		D026BAAF2B47908000AA5DAB /* SMStdioOut.h in Headers */ = {isa = PBXBuildFile; fileRef = D026BA472B47907F00AA5DAB /* SMStdioOut.h */; };
		D026BAB02B47908000AA5DAB /* SMLeakDebugger.h in Headers */ = {isa = PBXBuildFile; fileRef = D026BA482B47907F00AA5DAB /* SMLeakDebugger.h */; };
		D026BAB12B47908000AA5DAB /* SMSynthInterface.h in Headers */ = {isa = PBXBuildFile; fileRef = D026BA492B47907F00AA5DAB /* SMSynthInterface.h */; };
		D026BAB22B47908000AA5DAB /* SMModulationList.cpp in Sources */ = {isa = PBXBuildFile; fileRef = D026BA4A2B47907F00AA5DAB /* SMModulationList.cpp */; };
		D026BAB32B47908000AA5DAB /* SMMemOut.cpp in Sources */ = {isa = PBXBuildFile; fileRef = D026BA4B2B47907F00AA5DAB /* SMMemOut.cpp */; };
		D026BAB42B47908000AA5DAB /* SMWavData.h in Headers */ = {isa = PBXBuildFile; fileRef = D026BA4C2B47907F00AA5DAB /* SMWavData.h */; };
		D026BAB52B47908000AA5DAB /* SMIFftSynth.cpp in Sources */ = {isa = PBXBuildFile; fileRef = D026BA4D2B47907F00AA5DAB /* SMIFftSynth.cpp */; };
		D026BAB62B47908000AA5DAB /* SMMorphGrid.h in Headers */ = {isa = PBXBuildFile; fileRef = D026BA4E2B47907F00AA5DAB /* SMMorphGrid.h */; };
		D026BAB72B47908000AA5DAB /* SMAudioTool.cpp in Sources */ = {isa = PBXBuildFile; fileRef = D026BA4F2B47907F00AA5DAB /* SMAudioTool.cpp */; };
		D026BAB82B47908000AA5DAB /* SMRTMemory.h in Headers */ = {isa = PBXBuildFile; fileRef = D026BA502B47907F00AA5DAB /* SMRTMemory.h */; };
		D026BAB92B47908000AA5DAB /* SMLiveDecoder.cpp in Sources */ = {isa = PBXBuildFile; fileRef = D026BA512B47907F00AA5DAB /* SMLiveDecoder.cpp */; };
		D026BABA2B47908000AA5DAB /* SMFft.h in Headers */ = {isa = PBXBuildFile; fileRef = D026BA522B47907F00AA5DAB /* SMFft.h */; };
		D026BABB2B47908000AA5DAB /* SMMorphPlanSynth.h in Headers */ = {isa = PBXBuildFile; fileRef = D026BA532B47907F00AA5DAB /* SMMorphPlanSynth.h */; };
		D026BABC2B47908000AA5DAB /* SMRandom.h in Headers */ = {isa = PBXBuildFile; fileRef = D026BA542B47907F00AA5DAB /* SMRandom.h */; };
		D026BABD2B47908000AA5DAB /* SMGenericOut.h in Headers */ = {isa = PBXBuildFile; fileRef = D026BA552B47907F00AA5DAB /* SMGenericOut.h */; };
		D026BABE2B47908000AA5DAB /* SMSignal.h in Headers */ = {isa = PBXBuildFile; fileRef = D026BA562B47907F00AA5DAB /* SMSignal.h */; };
		D026BABF2B47908000AA5DAB /* SMLiveDecoder.h in Headers */ = {isa = PBXBuildFile; fileRef = D026BA572B47907F00AA5DAB /* SMLiveDecoder.h */; };
		D026BAC02B47908000AA5DAB /* SMTimeInfo.h in Headers */ = {isa = PBXBuildFile; fileRef = D026BA582B47907F00AA5DAB /* SMTimeInfo.h */; };
		D026BAC12B47908000AA5DAB /* pffft.c in Sources */ = {isa = PBXBuildFile; fileRef = D026BA592B47907F00AA5DAB /* pffft.c */; };
		D026BAC22B47908000AA5DAB /* MorphKit.h in Headers */ = {isa = PBXBuildFile; fileRef = D026BA5A2B47907F00AA5DAB /* MorphKit.h */; };
		D026BAC32B47908000AA5DAB /* SMMMapIn.cpp in Sources */ = {isa = PBXBuildFile; fileRef = D026BA5B2B47907F00AA5DAB /* SMMMapIn.cpp */; };
		D026D19F2753702F0045CFD3 /* MorphKit.h in Headers */ = {isa = PBXBuildFile; fileRef = D026D19D2753702F0045CFD3 /* MorphKit.h */; settings = {ATTRIBUTES = (Public, ); }; };
		D02BB8B32A397D05006B5EC8 /* MorphKit.cpp in Sources */ = {isa = PBXBuildFile; fileRef = D02BB8B22A397D05006B5EC8 /* MorphKit.cpp */; };
/* End PBXBuildFile section */

/* Begin PBXFileReference section */
		D026B9F42B47907E00AA5DAB /* SMProject.h */ = {isa = PBXFileReference; fileEncoding = 4; lastKnownFileType = sourcecode.c.h; path = SMProject.h; sourceTree = "<group>"; };
		D026B9F52B47907E00AA5DAB /* SMUtils.cpp */ = {isa = PBXFileReference; fileEncoding = 4; lastKnownFileType = sourcecode.cpp.cpp; path = SMUtils.cpp; sourceTree = "<group>"; };
		D026B9F62B47907E00AA5DAB /* SMIFftSynth.h */ = {isa = PBXFileReference; fileEncoding = 4; lastKnownFileType = sourcecode.c.h; path = SMIFftSynth.h; sourceTree = "<group>"; };
		D026B9F72B47907E00AA5DAB /* SMStdioSubIn.h */ = {isa = PBXFileReference; fileEncoding = 4; lastKnownFileType = sourcecode.c.h; path = SMStdioSubIn.h; sourceTree = "<group>"; };
		D026B9F82B47907E00AA5DAB /* SMGenericOut.cpp */ = {isa = PBXFileReference; fileEncoding = 4; lastKnownFileType = sourcecode.cpp.cpp; path = SMGenericOut.cpp; sourceTree = "<group>"; };
		D026B9F92B47907E00AA5DAB /* SMAudio.h */ = {isa = PBXFileReference; fileEncoding = 4; lastKnownFileType = sourcecode.c.h; path = SMAudio.h; sourceTree = "<group>"; };
		D026B9FA2B47907E00AA5DAB /* SMGenericIn.cpp */ = {isa = PBXFileReference; fileEncoding = 4; lastKnownFileType = sourcecode.cpp.cpp; path = SMGenericIn.cpp; sourceTree = "<group>"; };
		D026B9FB2B47907E00AA5DAB /* SMWavData.cpp */ = {isa = PBXFileReference; fileEncoding = 4; lastKnownFileType = sourcecode.cpp.cpp; path = SMWavData.cpp; sourceTree = "<group>"; };
		D026B9FC2B47907E00AA5DAB /* SMMorphPlan.cpp */ = {isa = PBXFileReference; fileEncoding = 4; lastKnownFileType = sourcecode.cpp.cpp; path = SMMorphPlan.cpp; sourceTree = "<group>"; };
		D026B9FD2B47907E00AA5DAB /* SMGenericIn.h */ = {isa = PBXFileReference; fileEncoding = 4; lastKnownFileType = sourcecode.c.h; path = SMGenericIn.h; sourceTree = "<group>"; };
		D026B9FE2B47907E00AA5DAB /* SMMidiSynth.h */ = {isa = PBXFileReference; fileEncoding = 4; lastKnownFileType = sourcecode.c.h; path = SMMidiSynth.h; sourceTree = "<group>"; };
		D026B9FF2B47907E00AA5DAB /* SMNoiseBandPartition.h */ = {isa = PBXFileReference; fileEncoding = 4; lastKnownFileType = sourcecode.c.h; path = SMNoiseBandPartition.h; sourceTree = "<group>"; };
		D026BA002B47907E00AA5DAB /* SMEncoder.cpp */ = {isa = PBXFileReference; fileEncoding = 4; lastKnownFileType = sourcecode.cpp.cpp; path = SMEncoder.cpp; sourceTree = "<group>"; };
		D026BA012B47907E00AA5DAB /* SMMorphOperator.cpp */ = {isa = PBXFileReference; fileEncoding = 4; lastKnownFileType = sourcecode.cpp.cpp; path = SMMorphOperator.cpp; sourceTree = "<group>"; };
		D026BA022B47907E00AA5DAB /* SMAudioTool.h */ = {isa = PBXFileReference; fileEncoding = 4; lastKnownFileType = sourcecode.c.h; path = SMAudioTool.h; sourceTree = "<group>"; };
		D026BA032B47907E00AA5DAB /* SMWavSetRepo.cpp */ = {isa = PBXFileReference; fileEncoding = 4; lastKnownFileType = sourcecode.cpp.cpp; path = SMWavSetRepo.cpp; sourceTree = "<group>"; };
		D026BA042B47907E00AA5DAB /* SMMidiSynth.cpp */ = {isa = PBXFileReference; fileEncoding = 4; lastKnownFileType = sourcecode.cpp.cpp; path = SMMidiSynth.cpp; sourceTree = "<group>"; };
		D026BA052B47907E00AA5DAB /* SMAudio.cpp */ = {isa = PBXFileReference; fileEncoding = 4; lastKnownFileType = sourcecode.cpp.cpp; path = SMAudio.cpp; sourceTree = "<group>"; };
		D026BA062B47907E00AA5DAB /* SMMorphOperator.h */ = {isa = PBXFileReference; fileEncoding = 4; lastKnownFileType = sourcecode.c.h; path = SMMorphOperator.h; sourceTree = "<group>"; };
		D026BA072B47907E00AA5DAB /* SMAlignedArray.cpp */ = {isa = PBXFileReference; fileEncoding = 4; lastKnownFileType = sourcecode.cpp.cpp; path = SMAlignedArray.cpp; sourceTree = "<group>"; };
		D026BA082B47907E00AA5DAB /* SMProperty.cpp */ = {isa = PBXFileReference; fileEncoding = 4; lastKnownFileType = sourcecode.cpp.cpp; path = SMProperty.cpp; sourceTree = "<group>"; };
		D026BA092B47907E00AA5DAB /* SMMorphOutput.cpp */ = {isa = PBXFileReference; fileEncoding = 4; lastKnownFileType = sourcecode.cpp.cpp; path = SMMorphOutput.cpp; sourceTree = "<group>"; };
		D026BA0A2B47907E00AA5DAB /* SMMemOut.h */ = {isa = PBXFileReference; fileEncoding = 4; lastKnownFileType = sourcecode.c.h; path = SMMemOut.h; sourceTree = "<group>"; };
		D026BA0B2B47907E00AA5DAB /* SMMath.cpp */ = {isa = PBXFileReference; fileEncoding = 4; lastKnownFileType = sourcecode.cpp.cpp; path = SMMath.cpp; sourceTree = "<group>"; };
		D026BA0C2B47907E00AA5DAB /* SMMorphSource.h */ = {isa = PBXFileReference; fileEncoding = 4; lastKnownFileType = sourcecode.c.h; path = SMMorphSource.h; sourceTree = "<group>"; };
		D026BA0D2B47907E00AA5DAB /* SMMorphUtils.h */ = {isa = PBXFileReference; fileEncoding = 4; lastKnownFileType = sourcecode.c.h; path = SMMorphUtils.h; sourceTree = "<group>"; };
		D026BA0E2B47907E00AA5DAB /* SMStdioSubIn.cpp */ = {isa = PBXFileReference; fileEncoding = 4; lastKnownFileType = sourcecode.cpp.cpp; path = SMStdioSubIn.cpp; sourceTree = "<group>"; };
		D026BA0F2B47907E00AA5DAB /* SMTimeInfo.cpp */ = {isa = PBXFileReference; fileEncoding = 4; lastKnownFileType = sourcecode.cpp.cpp; path = SMTimeInfo.cpp; sourceTree = "<group>"; };
		D026BA102B47907E00AA5DAB /* SMMorphGridModule.cpp */ = {isa = PBXFileReference; fileEncoding = 4; lastKnownFileType = sourcecode.cpp.cpp; path = SMMorphGridModule.cpp; sourceTree = "<group>"; };
		D026BA112B47907E00AA5DAB /* SMNoiseBandPartition.cpp */ = {isa = PBXFileReference; fileEncoding = 4; lastKnownFileType = sourcecode.cpp.cpp; path = SMNoiseBandPartition.cpp; sourceTree = "<group>"; };
		D026BA122B47907E00AA5DAB /* SMMorphOperatorModule.h */ = {isa = PBXFileReference; fileEncoding = 4; lastKnownFileType = sourcecode.c.h; path = SMMorphOperatorModule.h; sourceTree = "<group>"; };
		D026BA132B47907E00AA5DAB /* SMMMapIn.h */ = {isa = PBXFileReference; fileEncoding = 4; lastKnownFileType = sourcecode.c.h; path = SMMMapIn.h; sourceTree = "<group>"; };
		D026BA142B47907E00AA5DAB /* SMWavSet.h */ = {isa = PBXFileReference; fileEncoding = 4; lastKnownFileType = sourcecode.c.h; path = SMWavSet.h; sourceTree = "<group>"; };
		D026BA152B47907E00AA5DAB /* SMPolyPhaseCoeffs.cpp */ = {isa = PBXFileReference; fileEncoding = 4; lastKnownFileType = sourcecode.cpp.cpp; path = SMPolyPhaseCoeffs.cpp; sourceTree = "<group>"; };
		D026BA162B47907E00AA5DAB /* SMAlignedArray.h */ = {isa = PBXFileReference; fileEncoding = 4; lastKnownFileType = sourcecode.c.h; path = SMAlignedArray.h; sourceTree = "<group>"; };
		D026BA172B47907E00AA5DAB /* SMMorphSourceModule.cpp */ = {isa = PBXFileReference; fileEncoding = 4; lastKnownFileType = sourcecode.cpp.cpp; path = SMMorphSourceModule.cpp; sourceTree = "<group>"; };
		D026BA182B47907E00AA5DAB /* SMOutFile.h */ = {isa = PBXFileReference; fileEncoding = 4; lastKnownFileType = sourcecode.c.h; path = SMOutFile.h; sourceTree = "<group>"; };
		D026BA192B47907E00AA5DAB /* SMPolyPhaseInter.cpp */ = {isa = PBXFileReference; fileEncoding = 4; lastKnownFileType = sourcecode.cpp.cpp; path = SMPolyPhaseInter.cpp; sourceTree = "<group>"; };
		D026BA1A2B47907E00AA5DAB /* SMProperty.h */ = {isa = PBXFileReference; fileEncoding = 4; lastKnownFileType = sourcecode.c.h; path = SMProperty.h; sourceTree = "<group>"; };
		D026BA1B2B47907E00AA5DAB /* SMBlockUtils.cpp */ = {isa = PBXFileReference; fileEncoding = 4; lastKnownFileType = sourcecode.cpp.cpp; path = SMBlockUtils.cpp; sourceTree = "<group>"; };
		D026BA1C2B47907E00AA5DAB /* SMWavSetRepo.h */ = {isa = PBXFileReference; fileEncoding = 4; lastKnownFileType = sourcecode.c.h; path = SMWavSetRepo.h; sourceTree = "<group>"; };
		D026BA1D2B47907F00AA5DAB /* SMEffectDecoder.cpp */ = {isa = PBXFileReference; fileEncoding = 4; lastKnownFileType = sourcecode.cpp.cpp; path = SMEffectDecoder.cpp; sourceTree = "<group>"; };
		D026BA1E2B47907F00AA5DAB /* SMMath.h */ = {isa = PBXFileReference; fileEncoding = 4; lastKnownFileType = sourcecode.c.h; path = SMMath.h; sourceTree = "<group>"; };
		D026BA1F2B47907F00AA5DAB /* SMUtils.h */ = {isa = PBXFileReference; fileEncoding = 4; lastKnownFileType = sourcecode.c.h; path = SMUtils.h; sourceTree = "<group>"; };
		D026BA202B47907F00AA5DAB /* SMEffectDecoder.h */ = {isa = PBXFileReference; fileEncoding = 4; lastKnownFileType = sourcecode.c.h; path = SMEffectDecoder.h; sourceTree = "<group>"; };
		D026BA212B47907F00AA5DAB /* SMMorphOutputModule.h */ = {isa = PBXFileReference; fileEncoding = 4; lastKnownFileType = sourcecode.c.h; path = SMMorphOutputModule.h; sourceTree = "<group>"; };
		D026BA222B47907F00AA5DAB /* SMMathArm.h */ = {isa = PBXFileReference; fileEncoding = 4; lastKnownFileType = sourcecode.c.h; path = SMMathArm.h; sourceTree = "<group>"; };
		D026BA232B47907F00AA5DAB /* SMMorphPlan.h */ = {isa = PBXFileReference; fileEncoding = 4; lastKnownFileType = sourcecode.c.h; path = SMMorphPlan.h; sourceTree = "<group>"; };
		D026BA242B47907F00AA5DAB /* SMSineDecoder.h */ = {isa = PBXFileReference; fileEncoding = 4; lastKnownFileType = sourcecode.c.h; path = SMSineDecoder.h; sourceTree = "<group>"; };
		D026BA252B47907F00AA5DAB /* SMLiveDecoderSource.h */ = {isa = PBXFileReference; fileEncoding = 4; lastKnownFileType = sourcecode.c.h; path = SMLiveDecoderSource.h; sourceTree = "<group>"; };
		D026BA262B47907F00AA5DAB /* SMMorphOperatorModule.cpp */ = {isa = PBXFileReference; fileEncoding = 4; lastKnownFileType = sourcecode.cpp.cpp; path = SMMorphOperatorModule.cpp; sourceTree = "<group>"; };
		D026BA272B47907F00AA5DAB /* SMPolyPhaseInter.h */ = {isa = PBXFileReference; fileEncoding = 4; lastKnownFileType = sourcecode.c.h; path = SMPolyPhaseInter.h; sourceTree = "<group>"; };
		D026BA282B47907F00AA5DAB /* glib.h */ = {isa = PBXFileReference; fileEncoding = 4; lastKnownFileType = sourcecode.c.h; path = glib.h; sourceTree = "<group>"; };
		D026BA292B47907F00AA5DAB /* SMStdioIn.h */ = {isa = PBXFileReference; fileEncoding = 4; lastKnownFileType = sourcecode.c.h; path = SMStdioIn.h; sourceTree = "<group>"; };
		D026BA2A2B47907F00AA5DAB /* SMEncoder.h */ = {isa = PBXFileReference; fileEncoding = 4; lastKnownFileType = sourcecode.c.h; path = SMEncoder.h; sourceTree = "<group>"; };
		D026BA2B2B47907F00AA5DAB /* SMMorphGridModule.h */ = {isa = PBXFileReference; fileEncoding = 4; lastKnownFileType = sourcecode.c.h; path = SMMorphGridModule.h; sourceTree = "<group>"; };
		D026BA2C2B47907F00AA5DAB /* SMRTMemory.cpp */ = {isa = PBXFileReference; fileEncoding = 4; lastKnownFileType = sourcecode.cpp.cpp; path = SMRTMemory.cpp; sourceTree = "<group>"; };
		D026BA2D2B47907F00AA5DAB /* SMSineDecoder.cpp */ = {isa = PBXFileReference; fileEncoding = 4; lastKnownFileType = sourcecode.cpp.cpp; path = SMSineDecoder.cpp; sourceTree = "<group>"; };
		D026BA2E2B47907F00AA5DAB /* SMMorphOutputModule.cpp */ = {isa = PBXFileReference; fileEncoding = 4; lastKnownFileType = sourcecode.cpp.cpp; path = SMMorphOutputModule.cpp; sourceTree = "<group>"; };
		D026BA2F2B47907F00AA5DAB /* MorphKit.cpp */ = {isa = PBXFileReference; fileEncoding = 4; lastKnownFileType = sourcecode.cpp.cpp; path = MorphKit.cpp; sourceTree = "<group>"; };
		D026BA302B47907F00AA5DAB /* SMStdioIn.cpp */ = {isa = PBXFileReference; fileEncoding = 4; lastKnownFileType = sourcecode.cpp.cpp; path = SMStdioIn.cpp; sourceTree = "<group>"; };
		D026BA312B47907F00AA5DAB /* SMOutFile.cpp */ = {isa = PBXFileReference; fileEncoding = 4; lastKnownFileType = sourcecode.cpp.cpp; path = SMOutFile.cpp; sourceTree = "<group>"; };
		D026BA322B47907F00AA5DAB /* SMPcg32rng.h */ = {isa = PBXFileReference; fileEncoding = 4; lastKnownFileType = sourcecode.c.h; path = SMPcg32rng.h; sourceTree = "<group>"; };
		D026BA332B47907F00AA5DAB /* SMMorphOutput.h */ = {isa = PBXFileReference; fileEncoding = 4; lastKnownFileType = sourcecode.c.h; path = SMMorphOutput.h; sourceTree = "<group>"; };
		D026BA342B47907F00AA5DAB /* SMInFile.h */ = {isa = PBXFileReference; fileEncoding = 4; lastKnownFileType = sourcecode.c.h; path = SMInFile.h; sourceTree = "<group>"; };
		D026BA352B47907F00AA5DAB /* SMBlockUtils.h */ = {isa = PBXFileReference; fileEncoding = 4; lastKnownFileType = sourcecode.c.h; path = SMBlockUtils.h; sourceTree = "<group>"; };
		D026BA362B47907F00AA5DAB /* SMRandom.cpp */ = {isa = PBXFileReference; fileEncoding = 4; lastKnownFileType = sourcecode.cpp.cpp; path = SMRandom.cpp; sourceTree = "<group>"; };
		D026BA372B47907F00AA5DAB /* SMFft.cpp */ = {isa = PBXFileReference; fileEncoding = 4; lastKnownFileType = sourcecode.cpp.cpp; path = SMFft.cpp; sourceTree = "<group>"; };
		D026BA382B47907F00AA5DAB /* SMLeakDebugger.cpp */ = {isa = PBXFileReference; fileEncoding = 4; lastKnownFileType = sourcecode.cpp.cpp; path = SMLeakDebugger.cpp; sourceTree = "<group>"; };
		D026BA392B47907F00AA5DAB /* SMModulationList.h */ = {isa = PBXFileReference; fileEncoding = 4; lastKnownFileType = sourcecode.c.h; path = SMModulationList.h; sourceTree = "<group>"; };
		D026BA3A2B47907F00AA5DAB /* SMMorphUtils.cpp */ = {isa = PBXFileReference; fileEncoding = 4; lastKnownFileType = sourcecode.cpp.cpp; path = SMMorphUtils.cpp; sourceTree = "<group>"; };
		D026BA3B2B47907F00AA5DAB /* pffft.h */ = {isa = PBXFileReference; fileEncoding = 4; lastKnownFileType = sourcecode.c.h; path = pffft.h; sourceTree = "<group>"; };
		D026BA3C2B47907F00AA5DAB /* SMWavSet.cpp */ = {isa = PBXFileReference; fileEncoding = 4; lastKnownFileType = sourcecode.cpp.cpp; path = SMWavSet.cpp; sourceTree = "<group>"; };
		D026BA3D2B47907F00AA5DAB /* SMMorphSourceModule.h */ = {isa = PBXFileReference; fileEncoding = 4; lastKnownFileType = sourcecode.c.h; path = SMMorphSourceModule.h; sourceTree = "<group>"; };
		D026BA3E2B47907F00AA5DAB /* SMMorphSource.cpp */ = {isa = PBXFileReference; fileEncoding = 4; lastKnownFileType = sourcecode.cpp.cpp; path = SMMorphSource.cpp; sourceTree = "<group>"; };
		D026BA3F2B47907F00AA5DAB /* SMMorphPlanSynth.cpp */ = {isa = PBXFileReference; fileEncoding = 4; lastKnownFileType = sourcecode.cpp.cpp; path = SMMorphPlanSynth.cpp; sourceTree = "<group>"; };
		D026BA402B47907F00AA5DAB /* SMMorphGrid.cpp */ = {isa = PBXFileReference; fileEncoding = 4; lastKnownFileType = sourcecode.cpp.cpp; path = SMMorphGrid.cpp; sourceTree = "<group>"; };
		D026BA412B47907F00AA5DAB /* SMLiveDecoderSource.cpp */ = {isa = PBXFileReference; fileEncoding = 4; lastKnownFileType = sourcecode.cpp.cpp; path = SMLiveDecoderSource.cpp; sourceTree = "<group>"; };
		D026BA422B47907F00AA5DAB /* SMMorphPlanVoice.cpp */ = {isa = PBXFileReference; fileEncoding = 4; lastKnownFileType = sourcecode.cpp.cpp; path = SMMorphPlanVoice.cpp; sourceTree = "<group>"; };
		D026BA432B47907F00AA5DAB /* SMInFile.cpp */ = {isa = PBXFileReference; fileEncoding = 4; lastKnownFileType = sourcecode.cpp.cpp; path = SMInFile.cpp; sourceTree = "<group>"; };
		D026BA442B47907F00AA5DAB /* SMProject.cpp */ = {isa = PBXFileReference; fileEncoding = 4; lastKnownFileType = sourcecode.cpp.cpp; path = SMProject.cpp; sourceTree = "<group>"; };
		D026BA452B47907F00AA5DAB /* SMMorphPlanVoice.h */ = {isa = PBXFileReference; fileEncoding = 4; lastKnownFileType = sourcecode.c.h; path = SMMorphPlanVoice.h; sourceTree = "<group>"; };
		D026BA462B47907F00AA5DAB /* SMStdioOut.cpp */ = {isa = PBXFileReference; fileEncoding = 4; lastKnownFileType = sourcecode.cpp.cpp; path = SMStdioOut.cpp; sourceTree = "<group>"; };
		D026BA472B47907F00AA5DAB /* SMStdioOut.h */ = {isa = PBXFileReference; fileEncoding = 4; lastKnownFileType = sourcecode.c.h; path = SMStdioOut.h; sourceTree = "<group>"; };
		D026BA482B47907F00AA5DAB /* SMLeakDebugger.h */ = {isa = PBXFileReference; fileEncoding = 4; lastKnownFileType = sourcecode.c.h; path = SMLeakDebugger.h; sourceTree = "<group>"; };
		D026BA492B47907F00AA5DAB /* SMSynthInterface.h */ = {isa = PBXFileReference; fileEncoding = 4; lastKnownFileType = sourcecode.c.h; path = SMSynthInterface.h; sourceTree = "<group>"; };
		D026BA4A2B47907F00AA5DAB /* SMModulationList.cpp */ = {isa = PBXFileReference; fileEncoding = 4; lastKnownFileType = sourcecode.cpp.cpp; path = SMModulationList.cpp; sourceTree = "<group>"; };
		D026BA4B2B47907F00AA5DAB /* SMMemOut.cpp */ = {isa = PBXFileReference; fileEncoding = 4; lastKnownFileType = sourcecode.cpp.cpp; path = SMMemOut.cpp; sourceTree = "<group>"; };
		D026BA4C2B47907F00AA5DAB /* SMWavData.h */ = {isa = PBXFileReference; fileEncoding = 4; lastKnownFileType = sourcecode.c.h; path = SMWavData.h; sourceTree = "<group>"; };
		D026BA4D2B47907F00AA5DAB /* SMIFftSynth.cpp */ = {isa = PBXFileReference; fileEncoding = 4; lastKnownFileType = sourcecode.cpp.cpp; path = SMIFftSynth.cpp; sourceTree = "<group>"; };
		D026BA4E2B47907F00AA5DAB /* SMMorphGrid.h */ = {isa = PBXFileReference; fileEncoding = 4; lastKnownFileType = sourcecode.c.h; path = SMMorphGrid.h; sourceTree = "<group>"; };
		D026BA4F2B47907F00AA5DAB /* SMAudioTool.cpp */ = {isa = PBXFileReference; fileEncoding = 4; lastKnownFileType = sourcecode.cpp.cpp; path = SMAudioTool.cpp; sourceTree = "<group>"; };
		D026BA502B47907F00AA5DAB /* SMRTMemory.h */ = {isa = PBXFileReference; fileEncoding = 4; lastKnownFileType = sourcecode.c.h; path = SMRTMemory.h; sourceTree = "<group>"; };
		D026BA512B47907F00AA5DAB /* SMLiveDecoder.cpp */ = {isa = PBXFileReference; fileEncoding = 4; lastKnownFileType = sourcecode.cpp.cpp; path = SMLiveDecoder.cpp; sourceTree = "<group>"; };
		D026BA522B47907F00AA5DAB /* SMFft.h */ = {isa = PBXFileReference; fileEncoding = 4; lastKnownFileType = sourcecode.c.h; path = SMFft.h; sourceTree = "<group>"; };
		D026BA532B47907F00AA5DAB /* SMMorphPlanSynth.h */ = {isa = PBXFileReference; fileEncoding = 4; lastKnownFileType = sourcecode.c.h; path = SMMorphPlanSynth.h; sourceTree = "<group>"; };
		D026BA542B47907F00AA5DAB /* SMRandom.h */ = {isa = PBXFileReference; fileEncoding = 4; lastKnownFileType = sourcecode.c.h; path = SMRandom.h; sourceTree = "<group>"; };
		D026BA552B47907F00AA5DAB /* SMGenericOut.h */ = {isa = PBXFileReference; fileEncoding = 4; lastKnownFileType = sourcecode.c.h; path = SMGenericOut.h; sourceTree = "<group>"; };
		D026BA562B47907F00AA5DAB /* SMSignal.h */ = {isa = PBXFileReference; fileEncoding = 4; lastKnownFileType = sourcecode.c.h; path = SMSignal.h; sourceTree = "<group>"; };
		D026BA572B47907F00AA5DAB /* SMLiveDecoder.h */ = {isa = PBXFileReference; fileEncoding = 4; lastKnownFileType = sourcecode.c.h; path = SMLiveDecoder.h; sourceTree = "<group>"; };
		D026BA582B47907F00AA5DAB /* SMTimeInfo.h */ = {isa = PBXFileReference; fileEncoding = 4; lastKnownFileType = sourcecode.c.h; path = SMTimeInfo.h; sourceTree = "<group>"; };
		D026BA592B47907F00AA5DAB /* pffft.c */ = {isa = PBXFileReference; fileEncoding = 4; lastKnownFileType = sourcecode.c.c; path = pffft.c; sourceTree = "<group>"; };
		D026BA5A2B47907F00AA5DAB /* MorphKit.h */ = {isa = PBXFileReference; fileEncoding = 4; lastKnownFileType = sourcecode.c.h; path = MorphKit.h; sourceTree = "<group>"; };
		D026BA5B2B47907F00AA5DAB /* SMMMapIn.cpp */ = {isa = PBXFileReference; fileEncoding = 4; lastKnownFileType = sourcecode.cpp.cpp; path = SMMMapIn.cpp; sourceTree = "<group>"; };
		D026D0CC27536F8C0045CFD3 /* MorphKit.framework */ = {isa = PBXFileReference; explicitFileType = wrapper.framework; includeInIndex = 0; path = MorphKit.framework; sourceTree = BUILT_PRODUCTS_DIR; };
		D026D19C2753702F0045CFD3 /* Info.plist */ = {isa = PBXFileReference; fileEncoding = 4; lastKnownFileType = text.plist.xml; path = Info.plist; sourceTree = "<group>"; };
		D026D19D2753702F0045CFD3 /* MorphKit.h */ = {isa = PBXFileReference; fileEncoding = 4; lastKnownFileType = sourcecode.c.h; path = MorphKit.h; sourceTree = "<group>"; };
		D02BB8B22A397D05006B5EC8 /* MorphKit.cpp */ = {isa = PBXFileReference; fileEncoding = 4; lastKnownFileType = sourcecode.cpp.cpp; name = MorphKit.cpp; path = ../../Source/MorphKit.cpp; sourceTree = "<group>"; };
/* End PBXFileReference section */

/* Begin PBXFrameworksBuildPhase section */
		D026D0C927536F8C0045CFD3 /* Frameworks */ = {
			isa = PBXFrameworksBuildPhase;
			buildActionMask = 2147483647;
			files = (
			);
			runOnlyForDeploymentPostprocessing = 0;
		};
/* End PBXFrameworksBuildPhase section */

/* Begin PBXGroup section */
		D026D0C227536F8C0045CFD3 = {
			isa = PBXGroup;
			children = (
				D026D0D727536FC10045CFD3 /* Source */,
				D026D19C2753702F0045CFD3 /* Info.plist */,
				D02BB8B22A397D05006B5EC8 /* MorphKit.cpp */,
				D026D19D2753702F0045CFD3 /* MorphKit.h */,
				D026D0CD27536F8C0045CFD3 /* Products */,
			);
			sourceTree = "<group>";
		};
		D026D0CD27536F8C0045CFD3 /* Products */ = {
			isa = PBXGroup;
			children = (
				D026D0CC27536F8C0045CFD3 /* MorphKit.framework */,
			);
			name = Products;
			sourceTree = "<group>";
		};
		D026D0D727536FC10045CFD3 /* Source */ = {
			isa = PBXGroup;
			children = (
				D026BA282B47907F00AA5DAB /* glib.h */,
				D026BA2F2B47907F00AA5DAB /* MorphKit.cpp */,
				D026BA5A2B47907F00AA5DAB /* MorphKit.h */,
				D026BA592B47907F00AA5DAB /* pffft.c */,
				D026BA3B2B47907F00AA5DAB /* pffft.h */,
				D026BA072B47907E00AA5DAB /* SMAlignedArray.cpp */,
				D026BA162B47907E00AA5DAB /* SMAlignedArray.h */,
				D026BA052B47907E00AA5DAB /* SMAudio.cpp */,
				D026B9F92B47907E00AA5DAB /* SMAudio.h */,
				D026BA4F2B47907F00AA5DAB /* SMAudioTool.cpp */,
				D026BA022B47907E00AA5DAB /* SMAudioTool.h */,
				D026BA1B2B47907E00AA5DAB /* SMBlockUtils.cpp */,
				D026BA352B47907F00AA5DAB /* SMBlockUtils.h */,
				D026BA1D2B47907F00AA5DAB /* SMEffectDecoder.cpp */,
				D026BA202B47907F00AA5DAB /* SMEffectDecoder.h */,
				D026BA002B47907E00AA5DAB /* SMEncoder.cpp */,
				D026BA2A2B47907F00AA5DAB /* SMEncoder.h */,
				D026BA372B47907F00AA5DAB /* SMFft.cpp */,
				D026BA522B47907F00AA5DAB /* SMFft.h */,
				D026B9FA2B47907E00AA5DAB /* SMGenericIn.cpp */,
				D026B9FD2B47907E00AA5DAB /* SMGenericIn.h */,
				D026B9F82B47907E00AA5DAB /* SMGenericOut.cpp */,
				D026BA552B47907F00AA5DAB /* SMGenericOut.h */,
				D026BA4D2B47907F00AA5DAB /* SMIFftSynth.cpp */,
				D026B9F62B47907E00AA5DAB /* SMIFftSynth.h */,
				D026BA432B47907F00AA5DAB /* SMInFile.cpp */,
				D026BA342B47907F00AA5DAB /* SMInFile.h */,
				D026BA382B47907F00AA5DAB /* SMLeakDebugger.cpp */,
				D026BA482B47907F00AA5DAB /* SMLeakDebugger.h */,
				D026BA512B47907F00AA5DAB /* SMLiveDecoder.cpp */,
				D026BA572B47907F00AA5DAB /* SMLiveDecoder.h */,
				D026BA412B47907F00AA5DAB /* SMLiveDecoderSource.cpp */,
				D026BA252B47907F00AA5DAB /* SMLiveDecoderSource.h */,
				D026BA0B2B47907E00AA5DAB /* SMMath.cpp */,
				D026BA1E2B47907F00AA5DAB /* SMMath.h */,
				D026BA222B47907F00AA5DAB /* SMMathArm.h */,
				D026BA4B2B47907F00AA5DAB /* SMMemOut.cpp */,
				D026BA0A2B47907E00AA5DAB /* SMMemOut.h */,
				D026BA042B47907E00AA5DAB /* SMMidiSynth.cpp */,
				D026B9FE2B47907E00AA5DAB /* SMMidiSynth.h */,
				D026BA5B2B47907F00AA5DAB /* SMMMapIn.cpp */,
				D026BA132B47907E00AA5DAB /* SMMMapIn.h */,
				D026BA4A2B47907F00AA5DAB /* SMModulationList.cpp */,
				D026BA392B47907F00AA5DAB /* SMModulationList.h */,
				D026BA402B47907F00AA5DAB /* SMMorphGrid.cpp */,
				D026BA4E2B47907F00AA5DAB /* SMMorphGrid.h */,
				D026BA102B47907E00AA5DAB /* SMMorphGridModule.cpp */,
				D026BA2B2B47907F00AA5DAB /* SMMorphGridModule.h */,
				D026BA012B47907E00AA5DAB /* SMMorphOperator.cpp */,
				D026BA062B47907E00AA5DAB /* SMMorphOperator.h */,
				D026BA262B47907F00AA5DAB /* SMMorphOperatorModule.cpp */,
				D026BA122B47907E00AA5DAB /* SMMorphOperatorModule.h */,
				D026BA092B47907E00AA5DAB /* SMMorphOutput.cpp */,
				D026BA332B47907F00AA5DAB /* SMMorphOutput.h */,
				D026BA2E2B47907F00AA5DAB /* SMMorphOutputModule.cpp */,
				D026BA212B47907F00AA5DAB /* SMMorphOutputModule.h */,
				D026B9FC2B47907E00AA5DAB /* SMMorphPlan.cpp */,
				D026BA232B47907F00AA5DAB /* SMMorphPlan.h */,
				D026BA3F2B47907F00AA5DAB /* SMMorphPlanSynth.cpp */,
				D026BA532B47907F00AA5DAB /* SMMorphPlanSynth.h */,
				D026BA422B47907F00AA5DAB /* SMMorphPlanVoice.cpp */,
				D026BA452B47907F00AA5DAB /* SMMorphPlanVoice.h */,
				D026BA3E2B47907F00AA5DAB /* SMMorphSource.cpp */,
				D026BA0C2B47907E00AA5DAB /* SMMorphSource.h */,
				D026BA172B47907E00AA5DAB /* SMMorphSourceModule.cpp */,
				D026BA3D2B47907F00AA5DAB /* SMMorphSourceModule.h */,
				D026BA3A2B47907F00AA5DAB /* SMMorphUtils.cpp */,
				D026BA0D2B47907E00AA5DAB /* SMMorphUtils.h */,
				D026BA112B47907E00AA5DAB /* SMNoiseBandPartition.cpp */,
				D026B9FF2B47907E00AA5DAB /* SMNoiseBandPartition.h */,
				D026BA312B47907F00AA5DAB /* SMOutFile.cpp */,
				D026BA182B47907E00AA5DAB /* SMOutFile.h */,
				D026BA322B47907F00AA5DAB /* SMPcg32rng.h */,
				D026BA152B47907E00AA5DAB /* SMPolyPhaseCoeffs.cpp */,
				D026BA192B47907E00AA5DAB /* SMPolyPhaseInter.cpp */,
				D026BA272B47907F00AA5DAB /* SMPolyPhaseInter.h */,
				D026BA442B47907F00AA5DAB /* SMProject.cpp */,
				D026B9F42B47907E00AA5DAB /* SMProject.h */,
				D026BA082B47907E00AA5DAB /* SMProperty.cpp */,
				D026BA1A2B47907E00AA5DAB /* SMProperty.h */,
				D026BA362B47907F00AA5DAB /* SMRandom.cpp */,
				D026BA542B47907F00AA5DAB /* SMRandom.h */,
				D026BA2C2B47907F00AA5DAB /* SMRTMemory.cpp */,
				D026BA502B47907F00AA5DAB /* SMRTMemory.h */,
				D026BA562B47907F00AA5DAB /* SMSignal.h */,
				D026BA2D2B47907F00AA5DAB /* SMSineDecoder.cpp */,
				D026BA242B47907F00AA5DAB /* SMSineDecoder.h */,
				D026BA302B47907F00AA5DAB /* SMStdioIn.cpp */,
				D026BA292B47907F00AA5DAB /* SMStdioIn.h */,
				D026BA462B47907F00AA5DAB /* SMStdioOut.cpp */,
				D026BA472B47907F00AA5DAB /* SMStdioOut.h */,
				D026BA0E2B47907E00AA5DAB /* SMStdioSubIn.cpp */,
				D026B9F72B47907E00AA5DAB /* SMStdioSubIn.h */,
				D026BA492B47907F00AA5DAB /* SMSynthInterface.h */,
				D026BA0F2B47907E00AA5DAB /* SMTimeInfo.cpp */,
				D026BA582B47907F00AA5DAB /* SMTimeInfo.h */,
				D026B9F52B47907E00AA5DAB /* SMUtils.cpp */,
				D026BA1F2B47907F00AA5DAB /* SMUtils.h */,
				D026B9FB2B47907E00AA5DAB /* SMWavData.cpp */,
				D026BA4C2B47907F00AA5DAB /* SMWavData.h */,
				D026BA3C2B47907F00AA5DAB /* SMWavSet.cpp */,
				D026BA142B47907E00AA5DAB /* SMWavSet.h */,
				D026BA032B47907E00AA5DAB /* SMWavSetRepo.cpp */,
				D026BA1C2B47907E00AA5DAB /* SMWavSetRepo.h */,
			);
			name = Source;
			path = ../../Source;
			sourceTree = "<group>";
		};
/* End PBXGroup section */

/* Begin PBXHeadersBuildPhase section */
		D026D0C727536F8C0045CFD3 /* Headers */ = {
			isa = PBXHeadersBuildPhase;
			buildActionMask = 2147483647;
			files = (
				D026BA822B47907F00AA5DAB /* SMProperty.h in Headers */,
				D026BA932B47908000AA5DAB /* SMMorphGridModule.h in Headers */,
				D026BA922B47908000AA5DAB /* SMEncoder.h in Headers */,
				D026BA8A2B47907F00AA5DAB /* SMMathArm.h in Headers */,
				D026BA8B2B47907F00AA5DAB /* SMMorphPlan.h in Headers */,
				D026BA612B47907F00AA5DAB /* SMAudio.h in Headers */,
				D026BA752B47907F00AA5DAB /* SMMorphUtils.h in Headers */,
				D026BAB62B47908000AA5DAB /* SMMorphGrid.h in Headers */,
				D026BA722B47907F00AA5DAB /* SMMemOut.h in Headers */,
				D026BA672B47907F00AA5DAB /* SMNoiseBandPartition.h in Headers */,
				D026BAAF2B47908000AA5DAB /* SMStdioOut.h in Headers */,
				D026BA5F2B47907F00AA5DAB /* SMStdioSubIn.h in Headers */,
				D026BA9A2B47908000AA5DAB /* SMPcg32rng.h in Headers */,
				D026BABB2B47908000AA5DAB /* SMMorphPlanSynth.h in Headers */,
				D026BA6A2B47907F00AA5DAB /* SMAudioTool.h in Headers */,
				D026BAC22B47908000AA5DAB /* MorphKit.h in Headers */,
				D026BA662B47907F00AA5DAB /* SMMidiSynth.h in Headers */,
				D026BA902B47908000AA5DAB /* glib.h in Headers */,
				D026BAB12B47908000AA5DAB /* SMSynthInterface.h in Headers */,
				D026BA892B47907F00AA5DAB /* SMMorphOutputModule.h in Headers */,
				D026BA8C2B47908000AA5DAB /* SMSineDecoder.h in Headers */,
				D026BAA52B47908000AA5DAB /* SMMorphSourceModule.h in Headers */,
				D026BA872B47907F00AA5DAB /* SMUtils.h in Headers */,
				D026BABE2B47908000AA5DAB /* SMSignal.h in Headers */,
				D026BA7B2B47907F00AA5DAB /* SMMMapIn.h in Headers */,
				D026BAA32B47908000AA5DAB /* pffft.h in Headers */,
				D026BA5C2B47907F00AA5DAB /* SMProject.h in Headers */,
				D026BAB42B47908000AA5DAB /* SMWavData.h in Headers */,
				D026BA862B47907F00AA5DAB /* SMMath.h in Headers */,
				D026BA9B2B47908000AA5DAB /* SMMorphOutput.h in Headers */,
				D026D19F2753702F0045CFD3 /* MorphKit.h in Headers */,
				D026BAAD2B47908000AA5DAB /* SMMorphPlanVoice.h in Headers */,
				D026BA912B47908000AA5DAB /* SMStdioIn.h in Headers */,
				D026BABF2B47908000AA5DAB /* SMLiveDecoder.h in Headers */,
				D026BA8F2B47908000AA5DAB /* SMPolyPhaseInter.h in Headers */,
				D026BA7C2B47907F00AA5DAB /* SMWavSet.h in Headers */,
				D026BA742B47907F00AA5DAB /* SMMorphSource.h in Headers */,
				D026BA6E2B47907F00AA5DAB /* SMMorphOperator.h in Headers */,
				D026BA802B47907F00AA5DAB /* SMOutFile.h in Headers */,
				D026BA5E2B47907F00AA5DAB /* SMIFftSynth.h in Headers */,
				D026BA8D2B47908000AA5DAB /* SMLiveDecoderSource.h in Headers */,
				D026BABD2B47908000AA5DAB /* SMGenericOut.h in Headers */,
				D026BAB82B47908000AA5DAB /* SMRTMemory.h in Headers */,
				D026BA9D2B47908000AA5DAB /* SMBlockUtils.h in Headers */,
				D026BA842B47907F00AA5DAB /* SMWavSetRepo.h in Headers */,
				D026BAA12B47908000AA5DAB /* SMModulationList.h in Headers */,
				D026BA9C2B47908000AA5DAB /* SMInFile.h in Headers */,
				D026BA7E2B47907F00AA5DAB /* SMAlignedArray.h in Headers */,
				D026BAC02B47908000AA5DAB /* SMTimeInfo.h in Headers */,
				D026BA652B47907F00AA5DAB /* SMGenericIn.h in Headers */,
				D026BA7A2B47907F00AA5DAB /* SMMorphOperatorModule.h in Headers */,
				D026BABA2B47908000AA5DAB /* SMFft.h in Headers */,
				D026BABC2B47908000AA5DAB /* SMRandom.h in Headers */,
				D026BAB02B47908000AA5DAB /* SMLeakDebugger.h in Headers */,
				D026BA882B47907F00AA5DAB /* SMEffectDecoder.h in Headers */,
			);
			runOnlyForDeploymentPostprocessing = 0;
		};
/* End PBXHeadersBuildPhase section */

/* Begin PBXNativeTarget section */
		D026D0CB27536F8C0045CFD3 /* MorphKit */ = {
			isa = PBXNativeTarget;
			buildConfigurationList = D026D0D427536F8C0045CFD3 /* Build configuration list for PBXNativeTarget "MorphKit" */;
			buildPhases = (
				D026D0C727536F8C0045CFD3 /* Headers */,
				D026D0C827536F8C0045CFD3 /* Sources */,
				D026D0C927536F8C0045CFD3 /* Frameworks */,
				D026D0CA27536F8C0045CFD3 /* Resources */,
			);
			buildRules = (
			);
			dependencies = (
			);
			name = MorphKit;
			productName = MorphKit;
			productReference = D026D0CC27536F8C0045CFD3 /* MorphKit.framework */;
			productType = "com.apple.product-type.framework";
		};
/* End PBXNativeTarget section */

/* Begin PBXProject section */
		D026D0C327536F8C0045CFD3 /* Project object */ = {
			isa = PBXProject;
			attributes = {
				LastUpgradeCheck = 1130;
				ORGANIZATIONNAME = OneRedDog;
				TargetAttributes = {
					D026D0CB27536F8C0045CFD3 = {
						CreatedOnToolsVersion = 11.3.1;
					};
				};
			};
			buildConfigurationList = D026D0C627536F8C0045CFD3 /* Build configuration list for PBXProject "MorphKit" */;
			compatibilityVersion = "Xcode 9.3";
			developmentRegion = en;
			hasScannedForEncodings = 0;
			knownRegions = (
				en,
				Base,
			);
			mainGroup = D026D0C227536F8C0045CFD3;
			productRefGroup = D026D0CD27536F8C0045CFD3 /* Products */;
			projectDirPath = "";
			projectRoot = "";
			targets = (
				D026D0CB27536F8C0045CFD3 /* MorphKit */,
			);
		};
/* End PBXProject section */

/* Begin PBXResourcesBuildPhase section */
		D026D0CA27536F8C0045CFD3 /* Resources */ = {
			isa = PBXResourcesBuildPhase;
			buildActionMask = 2147483647;
			files = (
			);
			runOnlyForDeploymentPostprocessing = 0;
		};
/* End PBXResourcesBuildPhase section */

/* Begin PBXSourcesBuildPhase section */
		D026D0C827536F8C0045CFD3 /* Sources */ = {
			isa = PBXSourcesBuildPhase;
			buildActionMask = 2147483647;
			files = (
				D026BAC12B47908000AA5DAB /* pffft.c in Sources */,
				D026BAB72B47908000AA5DAB /* SMAudioTool.cpp in Sources */,
				D026BA622B47907F00AA5DAB /* SMGenericIn.cpp in Sources */,
				D026BAAC2B47908000AA5DAB /* SMProject.cpp in Sources */,
				D026BA972B47908000AA5DAB /* MorphKit.cpp in Sources */,
				D026BA682B47907F00AA5DAB /* SMEncoder.cpp in Sources */,
				D026BA702B47907F00AA5DAB /* SMProperty.cpp in Sources */,
				D026BAA72B47908000AA5DAB /* SMMorphPlanSynth.cpp in Sources */,
				D026BA712B47907F00AA5DAB /* SMMorphOutput.cpp in Sources */,
				D026BA832B47907F00AA5DAB /* SMBlockUtils.cpp in Sources */,
				D026BA772B47907F00AA5DAB /* SMTimeInfo.cpp in Sources */,
				D026BA602B47907F00AA5DAB /* SMGenericOut.cpp in Sources */,
				D026BA782B47907F00AA5DAB /* SMMorphGridModule.cpp in Sources */,
				D026BA762B47907F00AA5DAB /* SMStdioSubIn.cpp in Sources */,
				D026BA812B47907F00AA5DAB /* SMPolyPhaseInter.cpp in Sources */,
				D026BA952B47908000AA5DAB /* SMSineDecoder.cpp in Sources */,
				D026BAB92B47908000AA5DAB /* SMLiveDecoder.cpp in Sources */,
				D026BA992B47908000AA5DAB /* SMOutFile.cpp in Sources */,
				D02BB8B32A397D05006B5EC8 /* MorphKit.cpp in Sources */,
				D026BA642B47907F00AA5DAB /* SMMorphPlan.cpp in Sources */,
				D026BA942B47908000AA5DAB /* SMRTMemory.cpp in Sources */,
				D026BAAE2B47908000AA5DAB /* SMStdioOut.cpp in Sources */,
				D026BAB22B47908000AA5DAB /* SMModulationList.cpp in Sources */,
				D026BA732B47907F00AA5DAB /* SMMath.cpp in Sources */,
				D026BA7F2B47907F00AA5DAB /* SMMorphSourceModule.cpp in Sources */,
				D026BA6D2B47907F00AA5DAB /* SMAudio.cpp in Sources */,
				D026BAA42B47908000AA5DAB /* SMWavSet.cpp in Sources */,
				D026BAA02B47908000AA5DAB /* SMLeakDebugger.cpp in Sources */,
				D026BA8E2B47908000AA5DAB /* SMMorphOperatorModule.cpp in Sources */,
				D026BAA92B47908000AA5DAB /* SMLiveDecoderSource.cpp in Sources */,
				D026BA6F2B47907F00AA5DAB /* SMAlignedArray.cpp in Sources */,
				D026BA982B47908000AA5DAB /* SMStdioIn.cpp in Sources */,
				D026BAC32B47908000AA5DAB /* SMMMapIn.cpp in Sources */,
				D026BA7D2B47907F00AA5DAB /* SMPolyPhaseCoeffs.cpp in Sources */,
				D026BA6C2B47907F00AA5DAB /* SMMidiSynth.cpp in Sources */,
				D026BAA22B47908000AA5DAB /* SMMorphUtils.cpp in Sources */,
				D026BAB32B47908000AA5DAB /* SMMemOut.cpp in Sources */,
				D026BA9F2B47908000AA5DAB /* SMFft.cpp in Sources */,
				D026BA5D2B47907F00AA5DAB /* SMUtils.cpp in Sources */,
				D026BA792B47907F00AA5DAB /* SMNoiseBandPartition.cpp in Sources */,
				D026BA692B47907F00AA5DAB /* SMMorphOperator.cpp in Sources */,
				D026BAA62B47908000AA5DAB /* SMMorphSource.cpp in Sources */,
				D026BA632B47907F00AA5DAB /* SMWavData.cpp in Sources */,
				D026BA962B47908000AA5DAB /* SMMorphOutputModule.cpp in Sources */,
				D026BA6B2B47907F00AA5DAB /* SMWavSetRepo.cpp in Sources */,
				D026BA9E2B47908000AA5DAB /* SMRandom.cpp in Sources */,
				D026BAAB2B47908000AA5DAB /* SMInFile.cpp in Sources */,
				D026BAB52B47908000AA5DAB /* SMIFftSynth.cpp in Sources */,
				D026BAA82B47908000AA5DAB /* SMMorphGrid.cpp in Sources */,
				D026BAAA2B47908000AA5DAB /* SMMorphPlanVoice.cpp in Sources */,
				D026BA852B47907F00AA5DAB /* SMEffectDecoder.cpp in Sources */,
			);
			runOnlyForDeploymentPostprocessing = 0;
		};
/* End PBXSourcesBuildPhase section */

/* Begin XCBuildConfiguration section */
		D026D0D227536F8C0045CFD3 /* Debug */ = {
			isa = XCBuildConfiguration;
			buildSettings = {
				ALWAYS_SEARCH_USER_PATHS = NO;
				CLANG_ANALYZER_NONNULL = YES;
				CLANG_ANALYZER_NUMBER_OBJECT_CONVERSION = YES_AGGRESSIVE;
				CLANG_CXX_LANGUAGE_STANDARD = "c++17";
				CLANG_CXX_LIBRARY = "libc++";
				CLANG_ENABLE_MODULES = YES;
				CLANG_ENABLE_OBJC_ARC = YES;
				CLANG_ENABLE_OBJC_WEAK = YES;
				CLANG_WARN_BLOCK_CAPTURE_AUTORELEASING = YES;
				CLANG_WARN_BOOL_CONVERSION = YES;
				CLANG_WARN_COMMA = YES;
				CLANG_WARN_CONSTANT_CONVERSION = YES;
				CLANG_WARN_DEPRECATED_OBJC_IMPLEMENTATIONS = YES;
				CLANG_WARN_DIRECT_OBJC_ISA_USAGE = YES_ERROR;
				CLANG_WARN_DOCUMENTATION_COMMENTS = YES;
				CLANG_WARN_EMPTY_BODY = YES;
				CLANG_WARN_ENUM_CONVERSION = YES;
				CLANG_WARN_INFINITE_RECURSION = YES;
				CLANG_WARN_INT_CONVERSION = YES;
				CLANG_WARN_NON_LITERAL_NULL_CONVERSION = YES;
				CLANG_WARN_OBJC_IMPLICIT_RETAIN_SELF = YES;
				CLANG_WARN_OBJC_LITERAL_CONVERSION = YES;
				CLANG_WARN_OBJC_ROOT_CLASS = YES_ERROR;
				CLANG_WARN_RANGE_LOOP_ANALYSIS = YES;
				CLANG_WARN_STRICT_PROTOTYPES = YES;
				CLANG_WARN_SUSPICIOUS_MOVE = YES;
				CLANG_WARN_UNGUARDED_AVAILABILITY = YES_AGGRESSIVE;
				CLANG_WARN_UNREACHABLE_CODE = YES;
				CLANG_WARN__DUPLICATE_METHOD_MATCH = YES;
				COPY_PHASE_STRIP = NO;
				CURRENT_PROJECT_VERSION = 1;
				DEBUG_INFORMATION_FORMAT = dwarf;
				ENABLE_STRICT_OBJC_MSGSEND = YES;
				ENABLE_TESTABILITY = YES;
				GCC_C_LANGUAGE_STANDARD = "compiler-default";
				GCC_DYNAMIC_NO_PIC = NO;
				GCC_NO_COMMON_BLOCKS = YES;
				GCC_OPTIMIZATION_LEVEL = 0;
				GCC_PREPROCESSOR_DEFINITIONS = (
					"DEBUG=1",
					"$(inherited)",
				);
				GCC_WARN_64_TO_32_BIT_CONVERSION = YES;
				GCC_WARN_ABOUT_RETURN_TYPE = YES_ERROR;
				GCC_WARN_UNDECLARED_SELECTOR = YES;
				GCC_WARN_UNINITIALIZED_AUTOS = YES_AGGRESSIVE;
				GCC_WARN_UNUSED_FUNCTION = YES;
				GCC_WARN_UNUSED_VARIABLE = YES;
				MACOSX_DEPLOYMENT_TARGET = 10.13;
				MTL_ENABLE_DEBUG_INFO = INCLUDE_SOURCE;
				MTL_FAST_MATH = YES;
				ONLY_ACTIVE_ARCH = YES;
				SDKROOT = macosx;
				VERSIONING_SYSTEM = "apple-generic";
				VERSION_INFO_PREFIX = "";
			};
			name = Debug;
		};
		D026D0D327536F8C0045CFD3 /* Release */ = {
			isa = XCBuildConfiguration;
			buildSettings = {
				ALWAYS_SEARCH_USER_PATHS = NO;
				CLANG_ANALYZER_NONNULL = YES;
				CLANG_ANALYZER_NUMBER_OBJECT_CONVERSION = YES_AGGRESSIVE;
				CLANG_CXX_LANGUAGE_STANDARD = "c++17";
				CLANG_CXX_LIBRARY = "libc++";
				CLANG_ENABLE_MODULES = YES;
				CLANG_ENABLE_OBJC_ARC = YES;
				CLANG_ENABLE_OBJC_WEAK = YES;
				CLANG_WARN_BLOCK_CAPTURE_AUTORELEASING = YES;
				CLANG_WARN_BOOL_CONVERSION = YES;
				CLANG_WARN_COMMA = YES;
				CLANG_WARN_CONSTANT_CONVERSION = YES;
				CLANG_WARN_DEPRECATED_OBJC_IMPLEMENTATIONS = YES;
				CLANG_WARN_DIRECT_OBJC_ISA_USAGE = YES_ERROR;
				CLANG_WARN_DOCUMENTATION_COMMENTS = YES;
				CLANG_WARN_EMPTY_BODY = YES;
				CLANG_WARN_ENUM_CONVERSION = YES;
				CLANG_WARN_INFINITE_RECURSION = YES;
				CLANG_WARN_INT_CONVERSION = YES;
				CLANG_WARN_NON_LITERAL_NULL_CONVERSION = YES;
				CLANG_WARN_OBJC_IMPLICIT_RETAIN_SELF = YES;
				CLANG_WARN_OBJC_LITERAL_CONVERSION = YES;
				CLANG_WARN_OBJC_ROOT_CLASS = YES_ERROR;
				CLANG_WARN_RANGE_LOOP_ANALYSIS = YES;
				CLANG_WARN_STRICT_PROTOTYPES = YES;
				CLANG_WARN_SUSPICIOUS_MOVE = YES;
				CLANG_WARN_UNGUARDED_AVAILABILITY = YES_AGGRESSIVE;
				CLANG_WARN_UNREACHABLE_CODE = YES;
				CLANG_WARN__DUPLICATE_METHOD_MATCH = YES;
				COPY_PHASE_STRIP = NO;
				CURRENT_PROJECT_VERSION = 1;
				DEBUG_INFORMATION_FORMAT = "dwarf-with-dsym";
				ENABLE_NS_ASSERTIONS = NO;
				ENABLE_STRICT_OBJC_MSGSEND = YES;
				GCC_C_LANGUAGE_STANDARD = "compiler-default";
				GCC_NO_COMMON_BLOCKS = YES;
				GCC_WARN_64_TO_32_BIT_CONVERSION = YES;
				GCC_WARN_ABOUT_RETURN_TYPE = YES_ERROR;
				GCC_WARN_UNDECLARED_SELECTOR = YES;
				GCC_WARN_UNINITIALIZED_AUTOS = YES_AGGRESSIVE;
				GCC_WARN_UNUSED_FUNCTION = YES;
				GCC_WARN_UNUSED_VARIABLE = YES;
				MACOSX_DEPLOYMENT_TARGET = 10.13;
				MTL_ENABLE_DEBUG_INFO = NO;
				MTL_FAST_MATH = YES;
				SDKROOT = macosx;
				VERSIONING_SYSTEM = "apple-generic";
				VERSION_INFO_PREFIX = "";
			};
			name = Release;
		};
		D026D0D527536F8C0045CFD3 /* Debug */ = {
			isa = XCBuildConfiguration;
			buildSettings = {
				CODE_SIGN_STYLE = Automatic;
				COMBINE_HIDPI_IMAGES = YES;
				CONFIGURATION_BUILD_DIR = "$(PROJECT_DIR)/build/$(CONFIGURATION)";
				DEFINES_MODULE = YES;
				DYLIB_COMPATIBILITY_VERSION = 1;
				DYLIB_CURRENT_VERSION = 1;
				DYLIB_INSTALL_NAME_BASE = "@rpath";
				INFOPLIST_FILE = "$(SRCROOT)/Info.plist";
				INSTALL_PATH = "$(LOCAL_LIBRARY_DIR)/Frameworks";
				LD_RUNPATH_SEARCH_PATHS = (
					"$(inherited)",
					"@executable_path/../Frameworks",
					"@loader_path/Frameworks",
				);
				PRODUCT_BUNDLE_IDENTIFIER = au.com.onereddog.MorphKit;
				PRODUCT_NAME = "$(TARGET_NAME:c99extidentifier)";
				SKIP_INSTALL = YES;
			};
			name = Debug;
		};
		D026D0D627536F8C0045CFD3 /* Release */ = {
			isa = XCBuildConfiguration;
			buildSettings = {
				CODE_SIGN_STYLE = Automatic;
				COMBINE_HIDPI_IMAGES = YES;
				CONFIGURATION_BUILD_DIR = "$(PROJECT_DIR)/build/$(CONFIGURATION)";
				DEFINES_MODULE = YES;
				DYLIB_COMPATIBILITY_VERSION = 1;
				DYLIB_CURRENT_VERSION = 1;
				DYLIB_INSTALL_NAME_BASE = "@rpath";
				INFOPLIST_FILE = "$(SRCROOT)/Info.plist";
				INSTALL_PATH = "$(LOCAL_LIBRARY_DIR)/Frameworks";
				LD_RUNPATH_SEARCH_PATHS = (
					"$(inherited)",
					"@executable_path/../Frameworks",
					"@loader_path/Frameworks",
				);
				PRODUCT_BUNDLE_IDENTIFIER = au.com.onereddog.MorphKit;
				PRODUCT_NAME = "$(TARGET_NAME:c99extidentifier)";
				SKIP_INSTALL = YES;
			};
			name = Release;
		};
/* End XCBuildConfiguration section */

/* Begin XCConfigurationList section */
		D026D0C627536F8C0045CFD3 /* Build configuration list for PBXProject "MorphKit" */ = {
			isa = XCConfigurationList;
			buildConfigurations = (
				D026D0D227536F8C0045CFD3 /* Debug */,
				D026D0D327536F8C0045CFD3 /* Release */,
			);
			defaultConfigurationIsVisible = 0;
			defaultConfigurationName = Release;
		};
		D026D0D427536F8C0045CFD3 /* Build configuration list for PBXNativeTarget "MorphKit" */ = {
			isa = XCConfigurationList;
			buildConfigurations = (
				D026D0D527536F8C0045CFD3 /* Debug */,
				D026D0D627536F8C0045CFD3 /* Release */,
			);
			defaultConfigurationIsVisible = 0;
			defaultConfigurationName = Release;
		};
/* End XCConfigurationList section */
	};
	rootObject = D026D0C327536F8C0045CFD3 /* Project object */;
}
